
Microsoft Visual Studio Solution File, Format Version 12.00
# Visual Studio 2012
Project("{FAE04EC0-301F-11D3-BF4B-00C04F79EFBC}") = "16SimpleFileExplorer", "16SimpleFileExplorer\16SimpleFileExplorer.csproj", "{68FF4E76-6031-44E0-8F8A-B11B183C4AFF}"
EndProject
Global
	GlobalSection(SolutionConfigurationPlatforms) = preSolution
		Debug|Any CPU = Debug|Any CPU
		Release|Any CPU = Release|Any CPU
	EndGlobalSection
	GlobalSection(ProjectConfigurationPlatforms) = postSolution
		{68FF4E76-6031-44E0-8F8A-B11B183C4AFF}.Debug|Any CPU.ActiveCfg = Debug|Any CPU
		{68FF4E76-6031-44E0-8F8A-B11B183C4AFF}.Debug|Any CPU.Build.0 = Debug|Any CPU
		{68FF4E76-6031-44E0-8F8A-B11B183C4AFF}.Release|Any CPU.ActiveCfg = Release|Any CPU
		{68FF4E76-6031-44E0-8F8A-B11B183C4AFF}.Release|Any CPU.Build.0 = Release|Any CPU
	EndGlobalSection
	GlobalSection(SolutionProperties) = preSolution
		HideSolutionNode = FALSE
	EndGlobalSection
EndGlobal
