
Microsoft Visual Studio Solution File, Format Version 12.00
# Visual Studio 2012
Project("{FAE04EC0-301F-11D3-BF4B-00C04F79EFBC}") = "02TemperatureConverter", "02TemperatureConverter\02TemperatureConverter.csproj", "{6710DCB7-4FDD-432C-AA58-39D8353D0FFA}"
EndProject
Global
	GlobalSection(SolutionConfigurationPlatforms) = preSolution
		Debug|Any CPU = Debug|Any CPU
		Release|Any CPU = Release|Any CPU
	EndGlobalSection
	GlobalSection(ProjectConfigurationPlatforms) = postSolution
		{6710DCB7-4FDD-432C-AA58-39D8353D0FFA}.Debug|Any CPU.ActiveCfg = Debug|Any CPU
		{6710DCB7-4FDD-432C-AA58-39D8353D0FFA}.Debug|Any CPU.Build.0 = Debug|Any CPU
		{6710DCB7-4FDD-432C-AA58-39D8353D0FFA}.Release|Any CPU.ActiveCfg = Release|Any CPU
		{6710DCB7-4FDD-432C-AA58-39D8353D0FFA}.Release|Any CPU.Build.0 = Release|Any CPU
	EndGlobalSection
	GlobalSection(SolutionProperties) = preSolution
		HideSolutionNode = FALSE
	EndGlobalSection
EndGlobal
