
Microsoft Visual Studio Solution File, Format Version 12.00
# Visual Studio 2012
Project("{FAE04EC0-301F-11D3-BF4B-00C04F79EFBC}") = "15ReverseAString", "15ReverseAString\15ReverseAString.csproj", "{D0BC22E0-5C33-45C2-8080-03B6717E3FBA}"
EndProject
Global
	GlobalSection(SolutionConfigurationPlatforms) = preSolution
		Debug|Any CPU = Debug|Any CPU
		Release|Any CPU = Release|Any CPU
	EndGlobalSection
	GlobalSection(ProjectConfigurationPlatforms) = postSolution
		{D0BC22E0-5C33-45C2-8080-03B6717E3FBA}.Debug|Any CPU.ActiveCfg = Debug|Any CPU
		{D0BC22E0-5C33-45C2-8080-03B6717E3FBA}.Debug|Any CPU.Build.0 = Debug|Any CPU
		{D0BC22E0-5C33-45C2-8080-03B6717E3FBA}.Release|Any CPU.ActiveCfg = Release|Any CPU
		{D0BC22E0-5C33-45C2-8080-03B6717E3FBA}.Release|Any CPU.Build.0 = Release|Any CPU
	EndGlobalSection
	GlobalSection(SolutionProperties) = preSolution
		HideSolutionNode = FALSE
	EndGlobalSection
EndGlobal
