
Microsoft Visual Studio Solution File, Format Version 12.00
# Visual Studio 2012
Project("{FAE04EC0-301F-11D3-BF4B-00C04F79EFBC}") = "08LoveCalculator", "08LoveCalculator\08LoveCalculator.csproj", "{0513E77A-3F4D-40B3-9B53-E92912ACAF02}"
EndProject
Global
	GlobalSection(SolutionConfigurationPlatforms) = preSolution
		Debug|Any CPU = Debug|Any CPU
		Release|Any CPU = Release|Any CPU
	EndGlobalSection
	GlobalSection(ProjectConfigurationPlatforms) = postSolution
		{0513E77A-3F4D-40B3-9B53-E92912ACAF02}.Debug|Any CPU.ActiveCfg = Debug|Any CPU
		{0513E77A-3F4D-40B3-9B53-E92912ACAF02}.Debug|Any CPU.Build.0 = Debug|Any CPU
		{0513E77A-3F4D-40B3-9B53-E92912ACAF02}.Release|Any CPU.ActiveCfg = Release|Any CPU
		{0513E77A-3F4D-40B3-9B53-E92912ACAF02}.Release|Any CPU.Build.0 = Release|Any CPU
	EndGlobalSection
	GlobalSection(SolutionProperties) = preSolution
		HideSolutionNode = FALSE
	EndGlobalSection
EndGlobal
