
Microsoft Visual Studio Solution File, Format Version 12.00
# Visual Studio 2012
Project("{FAE04EC0-301F-11D3-BF4B-00C04F79EFBC}") = "22SudokuGeneratorSolver", "22SudokuGeneratorSolver\22SudokuGeneratorSolver.csproj", "{17ABB738-C7DC-49CB-98C1-3CCA144F19CB}"
EndProject
Global
	GlobalSection(SolutionConfigurationPlatforms) = preSolution
		Debug|Any CPU = Debug|Any CPU
		Release|Any CPU = Release|Any CPU
	EndGlobalSection
	GlobalSection(ProjectConfigurationPlatforms) = postSolution
		{17ABB738-C7DC-49CB-98C1-3CCA144F19CB}.Debug|Any CPU.ActiveCfg = Debug|Any CPU
		{17ABB738-C7DC-49CB-98C1-3CCA144F19CB}.Debug|Any CPU.Build.0 = Debug|Any CPU
		{17ABB738-C7DC-49CB-98C1-3CCA144F19CB}.Release|Any CPU.ActiveCfg = Release|Any CPU
		{17ABB738-C7DC-49CB-98C1-3CCA144F19CB}.Release|Any CPU.Build.0 = Release|Any CPU
	EndGlobalSection
	GlobalSection(SolutionProperties) = preSolution
		HideSolutionNode = FALSE
	EndGlobalSection
EndGlobal
