
Microsoft Visual Studio Solution File, Format Version 12.00
# Visual Studio 2012
Project("{FAE04EC0-301F-11D3-BF4B-00C04F79EFBC}") = "18Minesweeper", "18Minesweeper\18Minesweeper.csproj", "{2EEDEEA8-BF06-47A9-94B4-47E6A6A3D177}"
EndProject
Global
	GlobalSection(SolutionConfigurationPlatforms) = preSolution
		Debug|Any CPU = Debug|Any CPU
		Release|Any CPU = Release|Any CPU
	EndGlobalSection
	GlobalSection(ProjectConfigurationPlatforms) = postSolution
		{2EEDEEA8-BF06-47A9-94B4-47E6A6A3D177}.Debug|Any CPU.ActiveCfg = Debug|Any CPU
		{2EEDEEA8-BF06-47A9-94B4-47E6A6A3D177}.Debug|Any CPU.Build.0 = Debug|Any CPU
		{2EEDEEA8-BF06-47A9-94B4-47E6A6A3D177}.Release|Any CPU.ActiveCfg = Release|Any CPU
		{2EEDEEA8-BF06-47A9-94B4-47E6A6A3D177}.Release|Any CPU.Build.0 = Release|Any CPU
	EndGlobalSection
	GlobalSection(SolutionProperties) = preSolution
		HideSolutionNode = FALSE
	EndGlobalSection
EndGlobal
