
Microsoft Visual Studio Solution File, Format Version 12.00
# Visual Studio 2012
Project("{FAE04EC0-301F-11D3-BF4B-00C04F79EFBC}") = "07Hangman", "07Hangman\07Hangman.csproj", "{DCA25DA4-9D47-4E93-A2CC-CCCCFCAFA872}"
EndProject
Global
	GlobalSection(SolutionConfigurationPlatforms) = preSolution
		Debug|Any CPU = Debug|Any CPU
		Release|Any CPU = Release|Any CPU
	EndGlobalSection
	GlobalSection(ProjectConfigurationPlatforms) = postSolution
		{DCA25DA4-9D47-4E93-A2CC-CCCCFCAFA872}.Debug|Any CPU.ActiveCfg = Debug|Any CPU
		{DCA25DA4-9D47-4E93-A2CC-CCCCFCAFA872}.Debug|Any CPU.Build.0 = Debug|Any CPU
		{DCA25DA4-9D47-4E93-A2CC-CCCCFCAFA872}.Release|Any CPU.ActiveCfg = Release|Any CPU
		{DCA25DA4-9D47-4E93-A2CC-CCCCFCAFA872}.Release|Any CPU.Build.0 = Release|Any CPU
	EndGlobalSection
	GlobalSection(SolutionProperties) = preSolution
		HideSolutionNode = FALSE
	EndGlobalSection
EndGlobal
