
Microsoft Visual Studio Solution File, Format Version 12.00
# Visual Studio 2012
Project("{FAE04EC0-301F-11D3-BF4B-00C04F79EFBC}") = "06RockPaperScissors", "06RockPaperScissors\06RockPaperScissors.csproj", "{8B058136-B17D-4F07-B94F-03A800EA8F27}"
EndProject
Global
	GlobalSection(SolutionConfigurationPlatforms) = preSolution
		Debug|Any CPU = Debug|Any CPU
		Release|Any CPU = Release|Any CPU
	EndGlobalSection
	GlobalSection(ProjectConfigurationPlatforms) = postSolution
		{8B058136-B17D-4F07-B94F-03A800EA8F27}.Debug|Any CPU.ActiveCfg = Debug|Any CPU
		{8B058136-B17D-4F07-B94F-03A800EA8F27}.Debug|Any CPU.Build.0 = Debug|Any CPU
		{8B058136-B17D-4F07-B94F-03A800EA8F27}.Release|Any CPU.ActiveCfg = Release|Any CPU
		{8B058136-B17D-4F07-B94F-03A800EA8F27}.Release|Any CPU.Build.0 = Release|Any CPU
	EndGlobalSection
	GlobalSection(SolutionProperties) = preSolution
		HideSolutionNode = FALSE
	EndGlobalSection
EndGlobal
